// !$*UTF8*$!
{
	archiveVersion = 1;
	classes = {
	};
	objectVersion = 77;
	objects = {

/* Begin PBXContainerItemProxy section */
		92822A172D6F4208005B7DAA /* PBXContainerItemProxy */ = {
			isa = PBXContainerItemProxy;
			containerPortal = 928229F82D6F4206005B7DAA /* Project object */;
			proxyType = 1;
			remoteGlobalIDString = 928229FF2D6F4206005B7DAA;
			remoteInfo = GestionDevisMac;
		};
		92822A212D6F4208005B7DAA /* PBXContainerItemProxy */ = {
			isa = PBXContainerItemProxy;
			containerPortal = 928229F82D6F4206005B7DAA /* Project object */;
			proxyType = 1;
			remoteGlobalIDString = 928229FF2D6F4206005B7DAA;
			remoteInfo = GestionDevisMac;
		};
/* End PBXContainerItemProxy section */

/* Begin PBXFileReference section */
		92822A002D6F4206005B7DAA /* GestionDevisMac.app */ = {isa = PBXFileReference; explicitFileType = wrapper.application; includeInIndex = 0; path = GestionDevisMac.app; sourceTree = BUILT_PRODUCTS_DIR; };
		92822A162D6F4208005B7DAA /* GestionDevisMacTests.xctest */ = {isa = PBXFileReference; explicitFileType = wrapper.cfbundle; includeInIndex = 0; path = GestionDevisMacTests.xctest; sourceTree = BUILT_PRODUCTS_DIR; };
		92822A202D6F4208005B7DAA /* GestionDevisMacUITests.xctest */ = {isa = PBXFileReference; explicitFileType = wrapper.cfbundle; includeInIndex = 0; path = GestionDevisMacUITests.xctest; sourceTree = BUILT_PRODUCTS_DIR; };
/* End PBXFileReference section */

/* Begin PBXFileSystemSynchronizedRootGroup section */
		92822A022D6F4206005B7DAA /* GestionDevisMac */ = {
			isa = PBXFileSystemSynchronizedRootGroup;
			path = GestionDevisMac;
			sourceTree = "<group>";
		};
		92822A192D6F4208005B7DAA /* GestionDevisMacTests */ = {
			isa = PBXFileSystemSynchronizedRootGroup;
			path = GestionDevisMacTests;
			sourceTree = "<group>";
		};
		92822A232D6F4208005B7DAA /* GestionDevisMacUITests */ = {
			isa = PBXFileSystemSynchronizedRootGroup;
			path = GestionDevisMacUITests;
			sourceTree = "<group>";
		};
/* End PBXFileSystemSynchronizedRootGroup section */

/* Begin PBXFrameworksBuildPhase section */
		928229FD2D6F4206005B7DAA /* Frameworks */ = {
			isa = PBXFrameworksBuildPhase;
			buildActionMask = 2147483647;
			files = (
			);
			runOnlyForDeploymentPostprocessing = 0;
		};
		92822A132D6F4208005B7DAA /* Frameworks */ = {
			isa = PBXFrameworksBuildPhase;
			buildActionMask = 2147483647;
			files = (
			);
			runOnlyForDeploymentPostprocessing = 0;
		};
		92822A1D2D6F4208005B7DAA /* Frameworks */ = {
			isa = PBXFrameworksBuildPhase;
			buildActionMask = 2147483647;
			files = (
			);
			runOnlyForDeploymentPostprocessing = 0;
		};
/* End PBXFrameworksBuildPhase section */

/* Begin PBXGroup section */
		928229F72D6F4206005B7DAA = {
			isa = PBXGroup;
			children = (
				92822A022D6F4206005B7DAA /* GestionDevisMac */,
				92822A192D6F4208005B7DAA /* GestionDevisMacTests */,
				92822A232D6F4208005B7DAA /* GestionDevisMacUITests */,
				92822A012D6F4206005B7DAA /* Products */,
			);
			sourceTree = "<group>";
		};
		92822A012D6F4206005B7DAA /* Products */ = {
			isa = PBXGroup;
			children = (
				92822A002D6F4206005B7DAA /* GestionDevisMac.app */,
				92822A162D6F4208005B7DAA /* GestionDevisMacTests.xctest */,
				92822A202D6F4208005B7DAA /* GestionDevisMacUITests.xctest */,
			);
			name = Products;
			sourceTree = "<group>";
		};
/* End PBXGroup section */

/* Begin PBXNativeTarget section */
		928229FF2D6F4206005B7DAA /* GestionDevisMac */ = {
			isa = PBXNativeTarget;
			buildConfigurationList = 92822A2A2D6F4208005B7DAA /* Build configuration list for PBXNativeTarget "GestionDevisMac" */;
			buildPhases = (
				928229FC2D6F4206005B7DAA /* Sources */,
				928229FD2D6F4206005B7DAA /* Frameworks */,
				928229FE2D6F4206005B7DAA /* Resources */,
			);
			buildRules = (
			);
			dependencies = (
			);
			fileSystemSynchronizedGroups = (
				92822A022D6F4206005B7DAA /* GestionDevisMac */,
			);
			name = GestionDevisMac;
			packageProductDependencies = (
			);
			productName = GestionDevisMac;
			productReference = 92822A002D6F4206005B7DAA /* GestionDevisMac.app */;
			productType = "com.apple.product-type.application";
		};
		92822A152D6F4208005B7DAA /* GestionDevisMacTests */ = {
			isa = PBXNativeTarget;
			buildConfigurationList = 92822A2D2D6F4208005B7DAA /* Build configuration list for PBXNativeTarget "GestionDevisMacTests" */;
			buildPhases = (
				92822A122D6F4208005B7DAA /* Sources */,
				92822A132D6F4208005B7DAA /* Frameworks */,
				92822A142D6F4208005B7DAA /* Resources */,
			);
			buildRules = (
			);
			dependencies = (
				92822A182D6F4208005B7DAA /* PBXTargetDependency */,
			);
			fileSystemSynchronizedGroups = (
				92822A192D6F4208005B7DAA /* GestionDevisMacTests */,
			);
			name = GestionDevisMacTests;
			packageProductDependencies = (
			);
			productName = GestionDevisMacTests;
			productReference = 92822A162D6F4208005B7DAA /* GestionDevisMacTests.xctest */;
			productType = "com.apple.product-type.bundle.unit-test";
		};
		92822A1F2D6F4208005B7DAA /* GestionDevisMacUITests */ = {
			isa = PBXNativeTarget;
			buildConfigurationList = 92822A302D6F4208005B7DAA /* Build configuration list for PBXNativeTarget "GestionDevisMacUITests" */;
			buildPhases = (
				92822A1C2D6F4208005B7DAA /* Sources */,
				92822A1D2D6F4208005B7DAA /* Frameworks */,
				92822A1E2D6F4208005B7DAA /* Resources */,
			);
			buildRules = (
			);
			dependencies = (
				92822A222D6F4208005B7DAA /* PBXTargetDependency */,
			);
			fileSystemSynchronizedGroups = (
				92822A232D6F4208005B7DAA /* GestionDevisMacUITests */,
			);
			name = GestionDevisMacUITests;
			packageProductDependencies = (
			);
			productName = GestionDevisMacUITests;
			productReference = 92822A202D6F4208005B7DAA /* GestionDevisMacUITests.xctest */;
			productType = "com.apple.product-type.bundle.ui-testing";
		};
/* End PBXNativeTarget section */

/* Begin PBXProject section */
		928229F82D6F4206005B7DAA /* Project object */ = {
			isa = PBXProject;
			attributes = {
				BuildIndependentTargetsInParallel = 1;
				LastSwiftUpdateCheck = 1620;
				LastUpgradeCheck = 1620;
				TargetAttributes = {
					928229FF2D6F4206005B7DAA = {
						CreatedOnToolsVersion = 16.2;
					};
					92822A152D6F4208005B7DAA = {
						CreatedOnToolsVersion = 16.2;
						TestTargetID = 928229FF2D6F4206005B7DAA;
					};
					92822A1F2D6F4208005B7DAA = {
						CreatedOnToolsVersion = 16.2;
						TestTargetID = 928229FF2D6F4206005B7DAA;
					};
				};
			};
			buildConfigurationList = 928229FB2D6F4206005B7DAA /* Build configuration list for PBXProject "GestionDevisMac" */;
			developmentRegion = en;
			hasScannedForEncodings = 0;
			knownRegions = (
				en,
				Base,
			);
			mainGroup = 928229F72D6F4206005B7DAA;
			minimizedProjectReferenceProxies = 1;
			preferredProjectObjectVersion = 77;
			productRefGroup = 92822A012D6F4206005B7DAA /* Products */;
			projectDirPath = "";
			projectRoot = "";
			targets = (
				928229FF2D6F4206005B7DAA /* GestionDevisMac */,
				92822A152D6F4208005B7DAA /* GestionDevisMacTests */,
				92822A1F2D6F4208005B7DAA /* GestionDevisMacUITests */,
			);
		};
/* End PBXProject section */

/* Begin PBXResourcesBuildPhase section */
		928229FE2D6F4206005B7DAA /* Resources */ = {
			isa = PBXResourcesBuildPhase;
			buildActionMask = 2147483647;
			files = (
			);
			runOnlyForDeploymentPostprocessing = 0;
		};
		92822A142D6F4208005B7DAA /* Resources */ = {
			isa = PBXResourcesBuildPhase;
			buildActionMask = 2147483647;
			files = (
			);
			runOnlyForDeploymentPostprocessing = 0;
		};
		92822A1E2D6F4208005B7DAA /* Resources */ = {
			isa = PBXResourcesBuildPhase;
			buildActionMask = 2147483647;
			files = (
			);
			runOnlyForDeploymentPostprocessing = 0;
		};
/* End PBXResourcesBuildPhase section */

/* Begin PBXSourcesBuildPhase section */
		928229FC2D6F4206005B7DAA /* Sources */ = {
			isa = PBXSourcesBuildPhase;
			buildActionMask = 2147483647;
			files = (
			);
			runOnlyForDeploymentPostprocessing = 0;
		};
		92822A122D6F4208005B7DAA /* Sources */ = {
			isa = PBXSourcesBuildPhase;
			buildActionMask = 2147483647;
			files = (
			);
			runOnlyForDeploymentPostprocessing = 0;
		};
		92822A1C2D6F4208005B7DAA /* Sources */ = {
			isa = PBXSourcesBuildPhase;
			buildActionMask = 2147483647;
			files = (
			);
			runOnlyForDeploymentPostprocessing = 0;
		};
/* End PBXSourcesBuildPhase section */

/* Begin PBXTargetDependency section */
		92822A182D6F4208005B7DAA /* PBXTargetDependency */ = {
			isa = PBXTargetDependency;
			target = 928229FF2D6F4206005B7DAA /* GestionDevisMac */;
			targetProxy = 92822A172D6F4208005B7DAA /* PBXContainerItemProxy */;
		};
		92822A222D6F4208005B7DAA /* PBXTargetDependency */ = {
			isa = PBXTargetDependency;
			target = 928229FF2D6F4206005B7DAA /* GestionDevisMac */;
			targetProxy = 92822A212D6F4208005B7DAA /* PBXContainerItemProxy */;
		};
/* End PBXTargetDependency section */

/* Begin XCBuildConfiguration section */
		92822A282D6F4208005B7DAA /* Debug */ = {
			isa = XCBuildConfiguration;
			buildSettings = {
				ALWAYS_SEARCH_USER_PATHS = NO;
				ASSETCATALOG_COMPILER_GENERATE_SWIFT_ASSET_SYMBOL_EXTENSIONS = YES;
				CLANG_ANALYZER_NONNULL = YES;
				CLANG_ANALYZER_NUMBER_OBJECT_CONVERSION = YES_AGGRESSIVE;
				CLANG_CXX_LANGUAGE_STANDARD = "gnu++20";
				CLANG_ENABLE_MODULES = YES;
				CLANG_ENABLE_OBJC_ARC = YES;
				CLANG_ENABLE_OBJC_WEAK = YES;
				CLANG_WARN_BLOCK_CAPTURE_AUTORELEASING = YES;
				CLANG_WARN_BOOL_CONVERSION = YES;
				CLANG_WARN_COMMA = YES;
				CLANG_WARN_CONSTANT_CONVERSION = YES;
				CLANG_WARN_DEPRECATED_OBJC_IMPLEMENTATIONS = YES;
				CLANG_WARN_DIRECT_OBJC_ISA_USAGE = YES_ERROR;
				CLANG_WARN_DOCUMENTATION_COMMENTS = YES;
				CLANG_WARN_EMPTY_BODY = YES;
				CLANG_WARN_ENUM_CONVERSION = YES;
				CLANG_WARN_INFINITE_RECURSION = YES;
				CLANG_WARN_INT_CONVERSION = YES;
				CLANG_WARN_NON_LITERAL_NULL_CONVERSION = YES;
				CLANG_WARN_OBJC_IMPLICIT_RETAIN_SELF = YES;
				CLANG_WARN_OBJC_LITERAL_CONVERSION = YES;
				CLANG_WARN_OBJC_ROOT_CLASS = YES_ERROR;
				CLANG_WARN_QUOTED_INCLUDE_IN_FRAMEWORK_HEADER = YES;
				CLANG_WARN_RANGE_LOOP_ANALYSIS = YES;
				CLANG_WARN_STRICT_PROTOTYPES = YES;
				CLANG_WARN_SUSPICIOUS_MOVE = YES;
				CLANG_WARN_UNGUARDED_AVAILABILITY = YES_AGGRESSIVE;
				CLANG_WARN_UNREACHABLE_CODE = YES;
				CLANG_WARN__DUPLICATE_METHOD_MATCH = YES;
				COPY_PHASE_STRIP = NO;
				DEBUG_INFORMATION_FORMAT = dwarf;
				ENABLE_STRICT_OBJC_MSGSEND = YES;
				ENABLE_TESTABILITY = YES;
				ENABLE_USER_SCRIPT_SANDBOXING = YES;
				GCC_C_LANGUAGE_STANDARD = gnu17;
				GCC_DYNAMIC_NO_PIC = NO;
				GCC_NO_COMMON_BLOCKS = YES;
				GCC_OPTIMIZATION_LEVEL = 0;
				GCC_PREPROCESSOR_DEFINITIONS = (
					"DEBUG=1",
					"$(inherited)",
				);
				GCC_WARN_64_TO_32_BIT_CONVERSION = YES;
				GCC_WARN_ABOUT_RETURN_TYPE = YES_ERROR;
				GCC_WARN_UNDECLARED_SELECTOR = YES;
				GCC_WARN_UNINITIALIZED_AUTOS = YES_AGGRESSIVE;
				GCC_WARN_UNUSED_FUNCTION = YES;
				GCC_WARN_UNUSED_VARIABLE = YES;
				LOCALIZATION_PREFERS_STRING_CATALOGS = YES;
				MACOSX_DEPLOYMENT_TARGET = 14.6;
				MTL_ENABLE_DEBUG_INFO = INCLUDE_SOURCE;
				MTL_FAST_MATH = YES;
				ONLY_ACTIVE_ARCH = YES;
				SDKROOT = macosx;
				SWIFT_ACTIVE_COMPILATION_CONDITIONS = "DEBUG $(inherited)";
				SWIFT_OPTIMIZATION_LEVEL = "-Onone";
			};
			name = Debug;
		};
		92822A292D6F4208005B7DAA /* Release */ = {
			isa = XCBuildConfiguration;
			buildSettings = {
				ALWAYS_SEARCH_USER_PATHS = NO;
				ASSETCATALOG_COMPILER_GENERATE_SWIFT_ASSET_SYMBOL_EXTENSIONS = YES;
				CLANG_ANALYZER_NONNULL = YES;
				CLANG_ANALYZER_NUMBER_OBJECT_CONVERSION = YES_AGGRESSIVE;
				CLANG_CXX_LANGUAGE_STANDARD = "gnu++20";
				CLANG_ENABLE_MODULES = YES;
				CLANG_ENABLE_OBJC_ARC = YES;
				CLANG_ENABLE_OBJC_WEAK = YES;
				CLANG_WARN_BLOCK_CAPTURE_AUTORELEASING = YES;
				CLANG_WARN_BOOL_CONVERSION = YES;
				CLANG_WARN_COMMA = YES;
				CLANG_WARN_CONSTANT_CONVERSION = YES;
				CLANG_WARN_DEPRECATED_OBJC_IMPLEMENTATIONS = YES;
				CLANG_WARN_DIRECT_OBJC_ISA_USAGE = YES_ERROR;
				CLANG_WARN_DOCUMENTATION_COMMENTS = YES;
				CLANG_WARN_EMPTY_BODY = YES;
				CLANG_WARN_ENUM_CONVERSION = YES;
				CLANG_WARN_INFINITE_RECURSION = YES;
				CLANG_WARN_INT_CONVERSION = YES;
				CLANG_WARN_NON_LITERAL_NULL_CONVERSION = YES;
				CLANG_WARN_OBJC_IMPLICIT_RETAIN_SELF = YES;
				CLANG_WARN_OBJC_LITERAL_CONVERSION = YES;
				CLANG_WARN_OBJC_ROOT_CLASS = YES_ERROR;
				CLANG_WARN_QUOTED_INCLUDE_IN_FRAMEWORK_HEADER = YES;
				CLANG_WARN_RANGE_LOOP_ANALYSIS = YES;
				CLANG_WARN_STRICT_PROTOTYPES = YES;
				CLANG_WARN_SUSPICIOUS_MOVE = YES;
				CLANG_WARN_UNGUARDED_AVAILABILITY = YES_AGGRESSIVE;
				CLANG_WARN_UNREACHABLE_CODE = YES;
				CLANG_WARN__DUPLICATE_METHOD_MATCH = YES;
				COPY_PHASE_STRIP = NO;
				DEBUG_INFORMATION_FORMAT = "dwarf-with-dsym";
				ENABLE_NS_ASSERTIONS = NO;
				ENABLE_STRICT_OBJC_MSGSEND = YES;
				ENABLE_USER_SCRIPT_SANDBOXING = YES;
				GCC_C_LANGUAGE_STANDARD = gnu17;
				GCC_NO_COMMON_BLOCKS = YES;
				GCC_WARN_64_TO_32_BIT_CONVERSION = YES;
				GCC_WARN_ABOUT_RETURN_TYPE = YES_ERROR;
				GCC_WARN_UNDECLARED_SELECTOR = YES;
				GCC_WARN_UNINITIALIZED_AUTOS = YES_AGGRESSIVE;
				GCC_WARN_UNUSED_FUNCTION = YES;
				GCC_WARN_UNUSED_VARIABLE = YES;
				LOCALIZATION_PREFERS_STRING_CATALOGS = YES;
				MACOSX_DEPLOYMENT_TARGET = 14.6;
				MTL_ENABLE_DEBUG_INFO = NO;
				MTL_FAST_MATH = YES;
				SDKROOT = macosx;
				SWIFT_COMPILATION_MODE = wholemodule;
			};
			name = Release;
		};
		92822A2B2D6F4208005B7DAA /* Debug */ = {
			isa = XCBuildConfiguration;
			buildSettings = {
				ASSETCATALOG_COMPILER_APPICON_NAME = AppIcon;
				ASSETCATALOG_COMPILER_GLOBAL_ACCENT_COLOR_NAME = AccentColor;
				CODE_SIGN_ENTITLEMENTS = GestionDevisMac/GestionDevisMac.entitlements;
				CODE_SIGN_STYLE = Automatic;
				COMBINE_HIDPI_IMAGES = YES;
				CURRENT_PROJECT_VERSION = 1;
				DEVELOPMENT_ASSET_PATHS = "\"GestionDevisMac/Preview Content\"";
				ENABLE_PREVIEWS = YES;
				GENERATE_INFOPLIST_FILE = YES;
				INFOPLIST_KEY_NSHumanReadableCopyright = "";
				LD_RUNPATH_SEARCH_PATHS = (
					"$(inherited)",
					"@executable_path/../Frameworks",
				);
				MARKETING_VERSION = 1.0;
				PRODUCT_BUNDLE_IDENTIFIER = Facturation.GestionDevisMac;
				PRODUCT_NAME = "$(TARGET_NAME)";
				SWIFT_EMIT_LOC_STRINGS = YES;
				SWIFT_VERSION = 5.0;
			};
			name = Debug;
		};
		92822A2C2D6F4208005B7DAA /* Release */ = {
			isa = XCBuildConfiguration;
			buildSettings = {
				ASSETCATALOG_COMPILER_APPICON_NAME = AppIcon;
				ASSETCATALOG_COMPILER_GLOBAL_ACCENT_COLOR_NAME = AccentColor;
				CODE_SIGN_ENTITLEMENTS = GestionDevisMac/GestionDevisMac.entitlements;
				CODE_SIGN_STYLE = Automatic;
				COMBINE_HIDPI_IMAGES = YES;
				CURRENT_PROJECT_VERSION = 1;
				DEVELOPMENT_ASSET_PATHS = "\"GestionDevisMac/Preview Content\"";
				ENABLE_PREVIEWS = YES;
				GENERATE_INFOPLIST_FILE = YES;
				INFOPLIST_KEY_NSHumanReadableCopyright = "";
				LD_RUNPATH_SEARCH_PATHS = (
					"$(inherited)",
					"@executable_path/../Frameworks",
				);
				MARKETING_VERSION = 1.0;
				PRODUCT_BUNDLE_IDENTIFIER = Facturation.GestionDevisMac;
				PRODUCT_NAME = "$(TARGET_NAME)";
				SWIFT_EMIT_LOC_STRINGS = YES;
				SWIFT_VERSION = 5.0;
			};
			name = Release;
		};
		92822A2E2D6F4208005B7DAA /* Debug */ = {
			isa = XCBuildConfiguration;
			buildSettings = {
				BUNDLE_LOADER = "$(TEST_HOST)";
				CODE_SIGN_STYLE = Automatic;
				CURRENT_PROJECT_VERSION = 1;
				GENERATE_INFOPLIST_FILE = YES;
				MACOSX_DEPLOYMENT_TARGET = 14.6;
				MARKETING_VERSION = 1.0;
				PRODUCT_BUNDLE_IDENTIFIER = Facturation.GestionDevisMacTests;
				PRODUCT_NAME = "$(TARGET_NAME)";
				SWIFT_EMIT_LOC_STRINGS = NO;
				SWIFT_VERSION = 5.0;
				TEST_HOST = "$(BUILT_PRODUCTS_DIR)/GestionDevisMac.app/$(BUNDLE_EXECUTABLE_FOLDER_PATH)/GestionDevisMac";
			};
			name = Debug;
		};
		92822A2F2D6F4208005B7DAA /* Release */ = {
			isa = XCBuildConfiguration;
			buildSettings = {
				BUNDLE_LOADER = "$(TEST_HOST)";
				CODE_SIGN_STYLE = Automatic;
				CURRENT_PROJECT_VERSION = 1;
				GENERATE_INFOPLIST_FILE = YES;
				MACOSX_DEPLOYMENT_TARGET = 14.6;
				MARKETING_VERSION = 1.0;
				PRODUCT_BUNDLE_IDENTIFIER = Facturation.GestionDevisMacTests;
				PRODUCT_NAME = "$(TARGET_NAME)";
				SWIFT_EMIT_LOC_STRINGS = NO;
				SWIFT_VERSION = 5.0;
				TEST_HOST = "$(BUILT_PRODUCTS_DIR)/GestionDevisMac.app/$(BUNDLE_EXECUTABLE_FOLDER_PATH)/GestionDevisMac";
			};
			name = Release;
		};
		92822A312D6F4208005B7DAA /* Debug */ = {
			isa = XCBuildConfiguration;
			buildSettings = {
				CODE_SIGN_STYLE = Automatic;
				CURRENT_PROJECT_VERSION = 1;
				GENERATE_INFOPLIST_FILE = YES;
				MARKETING_VERSION = 1.0;
				PRODUCT_BUNDLE_IDENTIFIER = Facturation.GestionDevisMacUITests;
				PRODUCT_NAME = "$(TARGET_NAME)";
				SWIFT_EMIT_LOC_STRINGS = NO;
				SWIFT_VERSION = 5.0;
				TEST_TARGET_NAME = GestionDevisMac;
			};
			name = Debug;
		};
		92822A322D6F4208005B7DAA /* Release */ = {
			isa = XCBuildConfiguration;
			buildSettings = {
				CODE_SIGN_STYLE = Automatic;
				CURRENT_PROJECT_VERSION = 1;
				GENERATE_INFOPLIST_FILE = YES;
				MARKETING_VERSION = 1.0;
				PRODUCT_BUNDLE_IDENTIFIER = Facturation.GestionDevisMacUITests;
				PRODUCT_NAME = "$(TARGET_NAME)";
				SWIFT_EMIT_LOC_STRINGS = NO;
				SWIFT_VERSION = 5.0;
				TEST_TARGET_NAME = GestionDevisMac;
			};
			name = Release;
		};
/* End XCBuildConfiguration section */

/* Begin XCConfigurationList section */
		928229FB2D6F4206005B7DAA /* Build configuration list for PBXProject "GestionDevisMac" */ = {
			isa = XCConfigurationList;
			buildConfigurations = (
				92822A282D6F4208005B7DAA /* Debug */,
				92822A292D6F4208005B7DAA /* Release */,
			);
			defaultConfigurationIsVisible = 0;
			defaultConfigurationName = Release;
		};
		92822A2A2D6F4208005B7DAA /* Build configuration list for PBXNativeTarget "GestionDevisMac" */ = {
			isa = XCConfigurationList;
			buildConfigurations = (
				92822A2B2D6F4208005B7DAA /* Debug */,
				92822A2C2D6F4208005B7DAA /* Release */,
			);
			defaultConfigurationIsVisible = 0;
			defaultConfigurationName = Release;
		};
		92822A2D2D6F4208005B7DAA /* Build configuration list for PBXNativeTarget "GestionDevisMacTests" */ = {
			isa = XCConfigurationList;
			buildConfigurations = (
				92822A2E2D6F4208005B7DAA /* Debug */,
				92822A2F2D6F4208005B7DAA /* Release */,
			);
			defaultConfigurationIsVisible = 0;
			defaultConfigurationName = Release;
		};
		92822A302D6F4208005B7DAA /* Build configuration list for PBXNativeTarget "GestionDevisMacUITests" */ = {
			isa = XCConfigurationList;
			buildConfigurations = (
				92822A312D6F4208005B7DAA /* Debug */,
				92822A322D6F4208005B7DAA /* Release */,
			);
			defaultConfigurationIsVisible = 0;
			defaultConfigurationName = Release;
		};
/* End XCConfigurationList section */
	};
	rootObject = 928229F82D6F4206005B7DAA /* Project object */;
}
